
Microsoft Visual Studio Solution File, Format Version 12.00
# Visual Studio Version 16
VisualStudioVersion = 16.0.30907.101
MinimumVisualStudioVersion = 10.0.40219.1
Project("{FAE04EC0-301F-11D3-BF4B-00C04F79EFBC}") = "FilesExamples", "FilesExamples\FilesExamples.csproj", "{EC35FEDF-E71E-42B1-BA8D-74DB6E517EF9}"
EndProject
Global
	GlobalSection(SolutionConfigurationPlatforms) = preSolution
		Debug|Any CPU = Debug|Any CPU
		Release|Any CPU = Release|Any CPU
	EndGlobalSection
	GlobalSection(ProjectConfigurationPlatforms) = postSolution
		{EC35FEDF-E71E-42B1-BA8D-74DB6E517EF9}.Debug|Any CPU.ActiveCfg = Debug|Any CPU
		{EC35FEDF-E71E-42B1-BA8D-74DB6E517EF9}.Debug|Any CPU.Build.0 = Debug|Any CPU
		{EC35FEDF-E71E-42B1-BA8D-74DB6E517EF9}.Release|Any CPU.ActiveCfg = Release|Any CPU
		{EC35FEDF-E71E-42B1-BA8D-74DB6E517EF9}.Release|Any CPU.Build.0 = Release|Any CPU
	EndGlobalSection
	GlobalSection(SolutionProperties) = preSolution
		HideSolutionNode = FALSE
	EndGlobalSection
	GlobalSection(ExtensibilityGlobals) = postSolution
		SolutionGuid = {3C90C118-41ED-4060-927D-491E88859E0E}
	EndGlobalSection
EndGlobal
